# @generated - this file is auto-generated by `mise lock` https://mise.en.dev/dev-tools/mise-lock.html

[[tools.babashka]]
version = "1.12.216"
backend = "github:babashka/babashka"

[tools.babashka."platforms.linux-arm64"]
checksum = "sha256:3c76a27121599430328abfdc81b7c8007402db8199be560e8418a6320298412a"
url = "https://github.com/babashka/babashka/releases/download/v1.12.216/babashka-1.12.216-linux-aarch64-static.tar.gz"
url_api = "https://api.github.com/repos/babashka/babashka/releases/assets/365533389"

[tools.babashka."platforms.linux-arm64-musl"]
checksum = "sha256:3c76a27121599430328abfdc81b7c8007402db8199be560e8418a6320298412a"
url = "https://github.com/babashka/babashka/releases/download/v1.12.216/babashka-1.12.216-linux-aarch64-static.tar.gz"
url_api = "https://api.github.com/repos/babashka/babashka/releases/assets/365533389"

[tools.babashka."platforms.linux-x64"]
checksum = "sha256:920b2d6e6b6580795a8cf1698aa124733bb26065bb10956842272caf8e5299ae"
url = "https://github.com/babashka/babashka/releases/download/v1.12.216/babashka-1.12.216-linux-amd64.tar.gz"
url_api = "https://api.github.com/repos/babashka/babashka/releases/assets/365533163"

[tools.babashka."platforms.linux-x64-musl"]
checksum = "sha256:920b2d6e6b6580795a8cf1698aa124733bb26065bb10956842272caf8e5299ae"
url = "https://github.com/babashka/babashka/releases/download/v1.12.216/babashka-1.12.216-linux-amd64.tar.gz"
url_api = "https://api.github.com/repos/babashka/babashka/releases/assets/365533163"

[tools.babashka."platforms.macos-arm64"]
checksum = "sha256:91499b3f430038f9b40e433215256a6e5392942780dca9984d493d2bcca7055d"
url = "https://github.com/babashka/babashka/releases/download/v1.12.216/babashka-1.12.216-macos-aarch64.tar.gz"
url_api = "https://api.github.com/repos/babashka/babashka/releases/assets/365532303"

[tools.babashka."platforms.macos-x64"]
checksum = "sha256:8844da19b779b7ad5685cbea7622a1453176170cea104a64c650cb0d0898b64d"
url = "https://github.com/babashka/babashka/releases/download/v1.12.216/babashka-1.12.216-macos-amd64.tar.gz"
url_api = "https://api.github.com/repos/babashka/babashka/releases/assets/365534781"

[tools.babashka."platforms.windows-x64"]
checksum = "sha256:38f8fc7f19b96de625cf6e4134b18f8666dfc6f6166db908cfc9dc4dc3b5a48d"
url = "https://github.com/babashka/babashka/releases/download/v1.12.216/babashka-1.12.216-windows-amd64.zip"
url_api = "https://api.github.com/repos/babashka/babashka/releases/assets/365530953"

[[tools.bat]]
version = "0.26.1"
backend = "aqua:sharkdp/bat"

[tools.bat."platforms.linux-arm64"]
checksum = "sha256:6369242c584065f195fb20cb36fbd7cb63ae690605bbe89868a7596b596c2c23"
url = "https://github.com/sharkdp/bat/releases/download/v0.26.1/bat-v0.26.1-aarch64-unknown-linux-musl.tar.gz"

[tools.bat."platforms.linux-arm64-musl"]
checksum = "sha256:6369242c584065f195fb20cb36fbd7cb63ae690605bbe89868a7596b596c2c23"
url = "https://github.com/sharkdp/bat/releases/download/v0.26.1/bat-v0.26.1-aarch64-unknown-linux-musl.tar.gz"

[tools.bat."platforms.linux-x64"]
checksum = "sha256:0dcd8ac79732c0d5b136f11f4ee00e581440e16a44eab5b3105b611bbf2cf191"
url = "https://github.com/sharkdp/bat/releases/download/v0.26.1/bat-v0.26.1-x86_64-unknown-linux-musl.tar.gz"

[tools.bat."platforms.linux-x64-musl"]
checksum = "sha256:0dcd8ac79732c0d5b136f11f4ee00e581440e16a44eab5b3105b611bbf2cf191"
url = "https://github.com/sharkdp/bat/releases/download/v0.26.1/bat-v0.26.1-x86_64-unknown-linux-musl.tar.gz"

[tools.bat."platforms.macos-arm64"]
checksum = "sha256:e30beff26779c9bf60bb541e1d79046250cb74378f2757f8eb250afddb19e114"
url = "https://github.com/sharkdp/bat/releases/download/v0.26.1/bat-v0.26.1-aarch64-apple-darwin.tar.gz"

[tools.bat."platforms.macos-x64"]
checksum = "sha256:830d63b0bba1fa040542ec569e3cf77f60d3356b9de75116a344b061e0894245"
url = "https://github.com/sharkdp/bat/releases/download/v0.26.1/bat-v0.26.1-x86_64-apple-darwin.tar.gz"

[tools.bat."platforms.windows-x64"]
checksum = "sha256:0f729b4b6f5f28d395c641eacc2e9ff68d0096b85aa0eec344aa62425144b69b"
url = "https://github.com/sharkdp/bat/releases/download/v0.26.1/bat-v0.26.1-x86_64-pc-windows-msvc.zip"

[[tools.bun]]
version = "1.3.13"
backend = "core:bun"

[tools.bun."platforms.linux-arm64"]
checksum = "sha256:70bae41b3908b0a120e1e58c5c8af30e74afae3b8d11b0d3fdd8e787ddfb4b22"
url = "https://github.com/oven-sh/bun/releases/download/bun-v1.3.13/bun-linux-aarch64.zip"

[tools.bun."platforms.linux-arm64-musl"]
checksum = "sha256:5385e978107ce4934298d8d6afe9bfbb898683f6cc23e6753a0da60bc60c5b81"
url = "https://github.com/oven-sh/bun/releases/download/bun-v1.3.13/bun-linux-aarch64-musl.zip"

[tools.bun."platforms.linux-x64"]
checksum = "sha256:79c0771fa8b92c33aae41e15a0e0d307ea99d0e2f00317c71c6c53237a78e25a"
url = "https://github.com/oven-sh/bun/releases/download/bun-v1.3.13/bun-linux-x64.zip"

[tools.bun."platforms.linux-x64-baseline"]
checksum = "sha256:9d8a24292a7068090205daac0a5a223f5f69736f5287e37bf88d3b4031edc750"
url = "https://github.com/oven-sh/bun/releases/download/bun-v1.3.13/bun-linux-x64-baseline.zip"

[tools.bun."platforms.linux-x64-musl"]
checksum = "sha256:5b91a48f0b00df9fd2da8bff1a795d2659d842da966432969203f25da19d1c74"
url = "https://github.com/oven-sh/bun/releases/download/bun-v1.3.13/bun-linux-x64-musl.zip"

[tools.bun."platforms.linux-x64-musl-baseline"]
checksum = "sha256:88ca7c7ad235b498f549eea2f770f434e9f0f5e9ba95168a2d3a1f235184c394"
url = "https://github.com/oven-sh/bun/releases/download/bun-v1.3.13/bun-linux-x64-musl-baseline.zip"

[tools.bun."platforms.macos-arm64"]
checksum = "sha256:5467e3f65dba526b9fea98f0cce04efafc0c63e169733ec27b876a3ad32da190"
url = "https://github.com/oven-sh/bun/releases/download/bun-v1.3.13/bun-darwin-aarch64.zip"

[tools.bun."platforms.macos-x64"]
checksum = "sha256:e5a6c8b64f419925232d111ecb13e25f0abf55e54f792341f987623fd0778009"
url = "https://github.com/oven-sh/bun/releases/download/bun-v1.3.13/bun-darwin-x64.zip"

[tools.bun."platforms.macos-x64-baseline"]
checksum = "sha256:a98ba6a480f22fda9b343626b906a4e26aa53618bf85d2bc5928ecf2ba45f0ed"
url = "https://github.com/oven-sh/bun/releases/download/bun-v1.3.13/bun-darwin-x64-baseline.zip"

[tools.bun."platforms.windows-x64"]
checksum = "sha256:85b14f3e0584218e9b63407b3aa6b90c4835ec5c32435c1f12cb6fc13667c7c9"
url = "https://github.com/oven-sh/bun/releases/download/bun-v1.3.13/bun-windows-x64.zip"

[tools.bun."platforms.windows-x64-baseline"]
checksum = "sha256:c68c7903c1190101590cc1b2129835f47211b3b37ae87759f2b97d6534aa3ad1"
url = "https://github.com/oven-sh/bun/releases/download/bun-v1.3.13/bun-windows-x64-baseline.zip"

[[tools."cargo:bingrep"]]
version = "0.12.1"
backend = "cargo:bingrep"

[[tools."cargo:cargo-edit"]]
version = "0.13.10"
backend = "cargo:cargo-edit"

[[tools."cargo:cargo-outdated"]]
version = "0.19.0"
backend = "cargo:cargo-outdated"

[[tools."cargo:cargo-watch"]]
version = "8.5.3"
backend = "cargo:cargo-watch"

[[tools."cargo:cargo-zigbuild"]]
version = "0.22.3"
backend = "cargo:cargo-zigbuild"

[[tools."cargo:mdcat"]]
version = "2.7.1"
backend = "cargo:mdcat"

[[tools."cargo:tokei"]]
version = "14.0.0"
backend = "cargo:tokei"

[[tools.clickhouse]]
version = "26.2.4.23-stable"
backend = "asdf:clickhouse"

[tools.clickhouse."platforms.linux-arm64"]
url = "https://github.com/ClickHouse/ClickHouse/releases/download/v26.2.4.23-stable/clickhouse-common-static-26.2.4.23-amd64.tgz"

[tools.clickhouse."platforms.linux-arm64-musl"]
url = "https://github.com/ClickHouse/ClickHouse/releases/download/v26.2.4.23-stable/clickhouse-common-static-26.2.4.23-amd64.tgz"

[tools.clickhouse."platforms.linux-x64"]
url = "https://github.com/ClickHouse/ClickHouse/releases/download/v26.2.4.23-stable/clickhouse-common-static-26.2.4.23-amd64.tgz"

[tools.clickhouse."platforms.linux-x64-musl"]
url = "https://github.com/ClickHouse/ClickHouse/releases/download/v26.2.4.23-stable/clickhouse-common-static-26.2.4.23-amd64.tgz"

[tools.clickhouse."platforms.macos-arm64"]
url = "https://github.com/ClickHouse/ClickHouse/releases/download/v26.2.4.23-stable/clickhouse-macos"

[tools.clickhouse."platforms.macos-x64"]
url = "https://github.com/ClickHouse/ClickHouse/releases/download/v26.2.4.23-stable/clickhouse-macos"

[tools.clickhouse."platforms.windows-x64"]
url = "https://github.com/ClickHouse/ClickHouse/releases/download/v26.2.4.23-stable/clickhouse-common-static-26.2.4.23-amd64.tgz"

[[tools.duckdb]]
version = "1.4.4"
backend = "aqua:duckdb/duckdb"

[tools.duckdb."platforms.linux-arm64"]
checksum = "sha256:97995363217ddef691fe53b26df3b55ff368d356613d9daaea5999bb7a637e60"
url = "https://github.com/duckdb/duckdb/releases/download/v1.4.4/duckdb_cli-linux-arm64.zip"

[tools.duckdb."platforms.linux-arm64-musl"]
checksum = "sha256:97995363217ddef691fe53b26df3b55ff368d356613d9daaea5999bb7a637e60"
url = "https://github.com/duckdb/duckdb/releases/download/v1.4.4/duckdb_cli-linux-arm64.zip"

[tools.duckdb."platforms.linux-x64"]
checksum = "sha256:ea79eae4233f1aba9a020c8a61877de38a789bc62cdd37485d3589cd77dc0d3e"
url = "https://github.com/duckdb/duckdb/releases/download/v1.4.4/duckdb_cli-linux-amd64.zip"

[tools.duckdb."platforms.linux-x64-musl"]
checksum = "sha256:ea79eae4233f1aba9a020c8a61877de38a789bc62cdd37485d3589cd77dc0d3e"
url = "https://github.com/duckdb/duckdb/releases/download/v1.4.4/duckdb_cli-linux-amd64.zip"

[tools.duckdb."platforms.macos-arm64"]
checksum = "sha256:3261e52ea423a97bb766172b584ceae20bb90b2d40552ab24c1b740ace79c972"
url = "https://github.com/duckdb/duckdb/releases/download/v1.4.4/duckdb_cli-osx-universal.zip"

[tools.duckdb."platforms.macos-x64"]
checksum = "sha256:3261e52ea423a97bb766172b584ceae20bb90b2d40552ab24c1b740ace79c972"
url = "https://github.com/duckdb/duckdb/releases/download/v1.4.4/duckdb_cli-osx-universal.zip"

[tools.duckdb."platforms.windows-x64"]
checksum = "sha256:cd24e5736ac69a33dc1411209f161ded5595ffc578e3cf016474346c64a87f5e"
url = "https://github.com/duckdb/duckdb/releases/download/v1.4.4/duckdb_cli-windows-amd64.zip"

[[tools.fd]]
version = "10.3.0"
backend = "aqua:sharkdp/fd"

[tools.fd."platforms.linux-arm64"]
checksum = "sha256:996b9b1366433b211cb3bbedba91c9dbce2431842144d925428ead0adf32020b"
url = "https://github.com/sharkdp/fd/releases/download/v10.3.0/fd-v10.3.0-aarch64-unknown-linux-musl.tar.gz"

[tools.fd."platforms.linux-arm64-musl"]
checksum = "sha256:996b9b1366433b211cb3bbedba91c9dbce2431842144d925428ead0adf32020b"
url = "https://github.com/sharkdp/fd/releases/download/v10.3.0/fd-v10.3.0-aarch64-unknown-linux-musl.tar.gz"

[tools.fd."platforms.linux-x64"]
checksum = "sha256:2b6bfaae8c48f12050813c2ffe1884c61ea26e750d803df9c9114550a314cd14"
url = "https://github.com/sharkdp/fd/releases/download/v10.3.0/fd-v10.3.0-x86_64-unknown-linux-musl.tar.gz"

[tools.fd."platforms.linux-x64-musl"]
checksum = "sha256:2b6bfaae8c48f12050813c2ffe1884c61ea26e750d803df9c9114550a314cd14"
url = "https://github.com/sharkdp/fd/releases/download/v10.3.0/fd-v10.3.0-x86_64-unknown-linux-musl.tar.gz"

[tools.fd."platforms.macos-arm64"]
checksum = "sha256:0570263812089120bc2a5d84f9e65cd0c25e4a4d724c80075c357239c74ae904"
url = "https://github.com/sharkdp/fd/releases/download/v10.3.0/fd-v10.3.0-aarch64-apple-darwin.tar.gz"

[tools.fd."platforms.macos-x64"]
checksum = "sha256:50d30f13fe3d5914b14c4fff5abcbd4d0cdab4b855970a6956f4f006c17117a3"
url = "https://github.com/sharkdp/fd/releases/download/v10.3.0/fd-v10.3.0-x86_64-apple-darwin.tar.gz"

[tools.fd."platforms.windows-x64"]
checksum = "sha256:318aa2a6fa664325933e81fda60d523fff29444129e91ebf0726b5b3bcd8b059"
url = "https://github.com/sharkdp/fd/releases/download/v10.3.0/fd-v10.3.0-x86_64-pc-windows-msvc.zip"

[[tools.glab]]
version = "1.99.0"
backend = "gitlab:gitlab-org/cli"

[tools.glab."platforms.linux-arm64"]
checksum = "sha256:f65737b39193b3c26d0ee3f94c8475bc5284e2b126eab1c25f5c4747701c4c77"
url = "https://gitlab.com/gitlab-org/cli/-/releases/v1.99.0/downloads/glab_1.99.0_linux_arm64.tar.gz"
url_api = "https://gitlab.com/api/v4/projects/gitlab-org%2Fcli/packages/generic/glab/1%2E99%2E0/glab_1%2E99%2E0_linux_arm64%2Etar%2Egz"

[tools.glab."platforms.linux-arm64-musl"]
checksum = "sha256:f65737b39193b3c26d0ee3f94c8475bc5284e2b126eab1c25f5c4747701c4c77"
url = "https://gitlab.com/gitlab-org/cli/-/releases/v1.99.0/downloads/glab_1.99.0_linux_arm64.tar.gz"
url_api = "https://gitlab.com/api/v4/projects/gitlab-org%2Fcli/packages/generic/glab/1%2E99%2E0/glab_1%2E99%2E0_linux_arm64%2Etar%2Egz"

[tools.glab."platforms.linux-x64"]
checksum = "sha256:85cc54b35eef8196026d18d0a0e74d2343acff7dcbd199af089c506c91314fdc"
url = "https://gitlab.com/gitlab-org/cli/-/releases/v1.99.0/downloads/glab_1.99.0_linux_amd64.tar.gz"
url_api = "https://gitlab.com/api/v4/projects/gitlab-org%2Fcli/packages/generic/glab/1%2E99%2E0/glab_1%2E99%2E0_linux_amd64%2Etar%2Egz"

[tools.glab."platforms.linux-x64-baseline"]
checksum = "sha256:85cc54b35eef8196026d18d0a0e74d2343acff7dcbd199af089c506c91314fdc"
url = "https://gitlab.com/gitlab-org/cli/-/releases/v1.99.0/downloads/glab_1.99.0_linux_amd64.tar.gz"
url_api = "https://gitlab.com/api/v4/projects/gitlab-org%2Fcli/packages/generic/glab/1%2E99%2E0/glab_1%2E99%2E0_linux_amd64%2Etar%2Egz"

[tools.glab."platforms.linux-x64-musl"]
checksum = "sha256:85cc54b35eef8196026d18d0a0e74d2343acff7dcbd199af089c506c91314fdc"
url = "https://gitlab.com/gitlab-org/cli/-/releases/v1.99.0/downloads/glab_1.99.0_linux_amd64.tar.gz"
url_api = "https://gitlab.com/api/v4/projects/gitlab-org%2Fcli/packages/generic/glab/1%2E99%2E0/glab_1%2E99%2E0_linux_amd64%2Etar%2Egz"

[tools.glab."platforms.linux-x64-musl-baseline"]
checksum = "sha256:85cc54b35eef8196026d18d0a0e74d2343acff7dcbd199af089c506c91314fdc"
url = "https://gitlab.com/gitlab-org/cli/-/releases/v1.99.0/downloads/glab_1.99.0_linux_amd64.tar.gz"
url_api = "https://gitlab.com/api/v4/projects/gitlab-org%2Fcli/packages/generic/glab/1%2E99%2E0/glab_1%2E99%2E0_linux_amd64%2Etar%2Egz"

[tools.glab."platforms.macos-arm64"]
checksum = "sha256:25dd0546771d5e76f8ddc1316a3b5f0e088b6c8ac555cc0472ed5f6ef6fd4f0e"
url = "https://gitlab.com/gitlab-org/cli/-/releases/v1.99.0/downloads/glab_1.99.0_darwin_arm64.tar.gz"
url_api = "https://gitlab.com/api/v4/projects/gitlab-org%2Fcli/packages/generic/glab/1%2E99%2E0/glab_1%2E99%2E0_darwin_arm64%2Etar%2Egz"

[tools.glab."platforms.macos-x64"]
checksum = "sha256:d167dad860994b99486774a5bdab78099528834b3c8e1725c76b9fc2e955a9fb"
url = "https://gitlab.com/gitlab-org/cli/-/releases/v1.99.0/downloads/glab_1.99.0_darwin_amd64.tar.gz"
url_api = "https://gitlab.com/api/v4/projects/gitlab-org%2Fcli/packages/generic/glab/1%2E99%2E0/glab_1%2E99%2E0_darwin_amd64%2Etar%2Egz"

[tools.glab."platforms.macos-x64-baseline"]
checksum = "sha256:d167dad860994b99486774a5bdab78099528834b3c8e1725c76b9fc2e955a9fb"
url = "https://gitlab.com/gitlab-org/cli/-/releases/v1.99.0/downloads/glab_1.99.0_darwin_amd64.tar.gz"
url_api = "https://gitlab.com/api/v4/projects/gitlab-org%2Fcli/packages/generic/glab/1%2E99%2E0/glab_1%2E99%2E0_darwin_amd64%2Etar%2Egz"

[tools.glab."platforms.windows-x64"]
checksum = "sha256:f0a9596512509fb1f3a6541cd667ae0104ff974c8eb2fc28b5e039b4fae5a974"
url = "https://gitlab.com/gitlab-org/cli/-/releases/v1.99.0/downloads/glab_1.99.0_windows_amd64.zip"
url_api = "https://gitlab.com/api/v4/projects/gitlab-org%2Fcli/packages/generic/glab/1%2E99%2E0/glab_1%2E99%2E0_windows_amd64%2Ezip"

[tools.glab."platforms.windows-x64-baseline"]
checksum = "sha256:f0a9596512509fb1f3a6541cd667ae0104ff974c8eb2fc28b5e039b4fae5a974"
url = "https://gitlab.com/gitlab-org/cli/-/releases/v1.99.0/downloads/glab_1.99.0_windows_amd64.zip"
url_api = "https://gitlab.com/api/v4/projects/gitlab-org%2Fcli/packages/generic/glab/1%2E99%2E0/glab_1%2E99%2E0_windows_amd64%2Ezip"

[[tools.hyperfine]]
version = "1.20.0"
backend = "aqua:sharkdp/hyperfine"

[tools.hyperfine."platforms.linux-arm64"]
checksum = "sha256:90875cb1db7a1d797c311174d061728361e58fc70e3b62262a00635ac3b1997c"
url = "https://github.com/sharkdp/hyperfine/releases/download/v1.20.0/hyperfine-v1.20.0-aarch64-unknown-linux-gnu.tar.gz"

[tools.hyperfine."platforms.linux-arm64-musl"]
checksum = "sha256:90875cb1db7a1d797c311174d061728361e58fc70e3b62262a00635ac3b1997c"
url = "https://github.com/sharkdp/hyperfine/releases/download/v1.20.0/hyperfine-v1.20.0-aarch64-unknown-linux-gnu.tar.gz"

[tools.hyperfine."platforms.linux-x64"]
checksum = "sha256:3285ec7959285288137043dd81dce0dde056227018a8277532d9a364b4f03c2b"
url = "https://github.com/sharkdp/hyperfine/releases/download/v1.20.0/hyperfine-v1.20.0-x86_64-unknown-linux-musl.tar.gz"

[tools.hyperfine."platforms.linux-x64-musl"]
checksum = "sha256:3285ec7959285288137043dd81dce0dde056227018a8277532d9a364b4f03c2b"
url = "https://github.com/sharkdp/hyperfine/releases/download/v1.20.0/hyperfine-v1.20.0-x86_64-unknown-linux-musl.tar.gz"

[tools.hyperfine."platforms.macos-arm64"]
checksum = "sha256:f58d0b90993fadfa122a351428c469ce24afef3865f027f0e6e86f0830d088f1"
url = "https://github.com/sharkdp/hyperfine/releases/download/v1.20.0/hyperfine-v1.20.0-x86_64-apple-darwin.tar.gz"

[tools.hyperfine."platforms.macos-x64"]
checksum = "sha256:f58d0b90993fadfa122a351428c469ce24afef3865f027f0e6e86f0830d088f1"
url = "https://github.com/sharkdp/hyperfine/releases/download/v1.20.0/hyperfine-v1.20.0-x86_64-apple-darwin.tar.gz"

[tools.hyperfine."platforms.windows-x64"]
checksum = "sha256:2508c549b049b1d4342d08edc1cb42bfac169082b6e3069431b5bab9822dbb32"
url = "https://github.com/sharkdp/hyperfine/releases/download/v1.20.0/hyperfine-v1.20.0-x86_64-pc-windows-msvc.zip"

[[tools.just]]
version = "1.46.0"
backend = "aqua:casey/just"

[tools.just."platforms.linux-arm64"]
checksum = "sha256:b81970c8247fa64cfb30d2a3da0e487e4253f9f2d01865ed5e7d53cdc7b02188"
url = "https://github.com/casey/just/releases/download/1.46.0/just-1.46.0-aarch64-unknown-linux-musl.tar.gz"

[tools.just."platforms.linux-arm64-musl"]
checksum = "sha256:b81970c8247fa64cfb30d2a3da0e487e4253f9f2d01865ed5e7d53cdc7b02188"
url = "https://github.com/casey/just/releases/download/1.46.0/just-1.46.0-aarch64-unknown-linux-musl.tar.gz"

[tools.just."platforms.linux-x64"]
checksum = "sha256:79966e6e353f535ee7d1c6221641bcc8e3381c55b0d0a6dc6e54b34f9db36eaa"
url = "https://github.com/casey/just/releases/download/1.46.0/just-1.46.0-x86_64-unknown-linux-musl.tar.gz"

[tools.just."platforms.linux-x64-musl"]
checksum = "sha256:79966e6e353f535ee7d1c6221641bcc8e3381c55b0d0a6dc6e54b34f9db36eaa"
url = "https://github.com/casey/just/releases/download/1.46.0/just-1.46.0-x86_64-unknown-linux-musl.tar.gz"

[tools.just."platforms.macos-arm64"]
checksum = "sha256:438eaf6468a115aa7db93e501cc7e3272f453f6b7083be3863adfab546b23358"
url = "https://github.com/casey/just/releases/download/1.46.0/just-1.46.0-aarch64-apple-darwin.tar.gz"

[tools.just."platforms.macos-x64"]
checksum = "sha256:ec54dd60ac876261b7318f1852ef9c0319fede1e5a73c14f56d908a8edf595b8"
url = "https://github.com/casey/just/releases/download/1.46.0/just-1.46.0-x86_64-apple-darwin.tar.gz"

[tools.just."platforms.windows-x64"]
checksum = "sha256:f0acf3f8ccbcf360b481baae9cae4c921774c89d5d932012481d3e0bda78ab39"
url = "https://github.com/casey/just/releases/download/1.46.0/just-1.46.0-x86_64-pc-windows-msvc.zip"

[[tools.lima]]
version = "2.1.1"
backend = "aqua:lima-vm/lima"

[tools.lima."platforms.linux-arm64"]
checksum = "sha256:1011d18701697e2a559c044932309728fd6488a5380673c489556784924bf3ca"
url = "https://github.com/lima-vm/lima/releases/download/v2.1.1/lima-2.1.1-Linux-aarch64.tar.gz"
provenance = "github-attestations"

[tools.lima."platforms.linux-arm64-musl"]
checksum = "sha256:1011d18701697e2a559c044932309728fd6488a5380673c489556784924bf3ca"
url = "https://github.com/lima-vm/lima/releases/download/v2.1.1/lima-2.1.1-Linux-aarch64.tar.gz"
provenance = "github-attestations"

[tools.lima."platforms.linux-x64"]
checksum = "sha256:0f89235de8c3676d988d863cfef37ac7cf4b8a14ba05d5d678a99dfea1db2d3c"
url = "https://github.com/lima-vm/lima/releases/download/v2.1.1/lima-2.1.1-Linux-x86_64.tar.gz"
provenance = "github-attestations"

[tools.lima."platforms.linux-x64-musl"]
checksum = "sha256:0f89235de8c3676d988d863cfef37ac7cf4b8a14ba05d5d678a99dfea1db2d3c"
url = "https://github.com/lima-vm/lima/releases/download/v2.1.1/lima-2.1.1-Linux-x86_64.tar.gz"
provenance = "github-attestations"

[tools.lima."platforms.macos-arm64"]
checksum = "sha256:b6b0e6701189cd8c4e549cc39e6d054dc681487798b9b774ad2cbd30c08b2bd8"
url = "https://github.com/lima-vm/lima/releases/download/v2.1.1/lima-2.1.1-Darwin-arm64.tar.gz"
provenance = "github-attestations"

[tools.lima."platforms.macos-x64"]
checksum = "sha256:2dc5b10aa3a4f26d08c1f3fe83e37e01f85a7d9db0d1d5cb6985b18af96ab07d"
url = "https://github.com/lima-vm/lima/releases/download/v2.1.1/lima-2.1.1-Darwin-x86_64.tar.gz"
provenance = "github-attestations"

[[tools.node]]
version = "26.2.0"
backend = "core:node"

[tools.node."platforms.linux-arm64"]
checksum = "sha256:bf52461d25017479cdc549642c4e7a2303ac5c5395d7c3d026d5d8b3fa283c05"
url = "https://nodejs.org/dist/v26.2.0/node-v26.2.0-linux-arm64.tar.gz"

[tools.node."platforms.linux-arm64-musl"]
checksum = "sha256:4593d822012fe3238814721909408c66f2a82955e0141457643a7a4c84e132fd"
url = "https://unofficial-builds.nodejs.org/download/release/v26.2.0/node-v26.2.0-linux-arm64-musl.tar.gz"

[tools.node."platforms.linux-x64"]
checksum = "sha256:8e5b4b969bb2414aca2ff84d2b99608511aedca32bf8a8427e6187dbdd703bbe"
url = "https://nodejs.org/dist/v26.2.0/node-v26.2.0-linux-x64.tar.gz"

[tools.node."platforms.linux-x64-baseline"]
checksum = "sha256:8e5b4b969bb2414aca2ff84d2b99608511aedca32bf8a8427e6187dbdd703bbe"
url = "https://nodejs.org/dist/v26.2.0/node-v26.2.0-linux-x64.tar.gz"

[tools.node."platforms.linux-x64-musl"]
checksum = "sha256:9efc99332e1cf70eeb85618398467c9d339bc208be65115380c611dda4c28407"
url = "https://unofficial-builds.nodejs.org/download/release/v26.2.0/node-v26.2.0-linux-x64-musl.tar.gz"

[tools.node."platforms.linux-x64-musl-baseline"]
checksum = "sha256:9efc99332e1cf70eeb85618398467c9d339bc208be65115380c611dda4c28407"
url = "https://unofficial-builds.nodejs.org/download/release/v26.2.0/node-v26.2.0-linux-x64-musl.tar.gz"

[tools.node."platforms.macos-arm64"]
checksum = "sha256:2d8575b6a749c0bc66cc6ecd22a952f7d9bbf3b0ea76fcb0ed3ce858018afff7"
url = "https://nodejs.org/dist/v26.2.0/node-v26.2.0-darwin-arm64.tar.gz"

[tools.node."platforms.macos-x64"]
checksum = "sha256:26a5480d0dd952be86beae83e6636dacd7a3ffd17ef51d0b26bc9b260f2b42e9"
url = "https://nodejs.org/dist/v26.2.0/node-v26.2.0-darwin-x64.tar.gz"

[tools.node."platforms.macos-x64-baseline"]
checksum = "sha256:26a5480d0dd952be86beae83e6636dacd7a3ffd17ef51d0b26bc9b260f2b42e9"
url = "https://nodejs.org/dist/v26.2.0/node-v26.2.0-darwin-x64.tar.gz"

[tools.node."platforms.windows-x64"]
checksum = "sha256:371071a4f7e2c8a5dd280730049c685911feecc59f50ebc488d675dc1087c69c"
url = "https://nodejs.org/dist/v26.2.0/node-v26.2.0-win-x64.zip"

[tools.node."platforms.windows-x64-baseline"]
checksum = "sha256:371071a4f7e2c8a5dd280730049c685911feecc59f50ebc488d675dc1087c69c"
url = "https://nodejs.org/dist/v26.2.0/node-v26.2.0-win-x64.zip"

[[tools."npm:@anthropic-ai/claude-code"]]
version = "2.1.148"
backend = "npm:@anthropic-ai/claude-code"

[[tools."npm:@zed-industries/claude-agent-acp"]]
version = "0.23.1"
backend = "npm:@zed-industries/claude-agent-acp"

[[tools."npm:ccstatusline"]]
version = "2.2.19"
backend = "npm:ccstatusline"

[[tools.pdm]]
version = "2.26.6"
backend = "pipx:pdm"

[[tools."pipx:magic-wormhole"]]
version = "0.22.0"
backend = "pipx:magic-wormhole"

[[tools."pipx:tmuxp"]]
version = "1.68.0"
backend = "pipx:tmuxp"

[[tools.rtk]]
version = "0.40.0"
backend = "github:rtk-ai/rtk"

[tools.rtk."platforms.linux-arm64"]
checksum = "sha256:1d0087ad62a182c0833c2251ac678b5e05356418d91aa57305ac51a126c9b102"
url = "https://github.com/rtk-ai/rtk/releases/download/v0.40.0/rtk-aarch64-unknown-linux-gnu.tar.gz"
url_api = "https://api.github.com/repos/rtk-ai/rtk/releases/assets/419581651"

[tools.rtk."platforms.linux-arm64-musl"]
checksum = "sha256:1d0087ad62a182c0833c2251ac678b5e05356418d91aa57305ac51a126c9b102"
url = "https://github.com/rtk-ai/rtk/releases/download/v0.40.0/rtk-aarch64-unknown-linux-gnu.tar.gz"
url_api = "https://api.github.com/repos/rtk-ai/rtk/releases/assets/419581651"

[tools.rtk."platforms.linux-x64"]
checksum = "sha256:a75d210a445874106bc16da2b4efba01d36d297afa33ec134728f2d5f42ef5af"
url = "https://github.com/rtk-ai/rtk/releases/download/v0.40.0/rtk-x86_64-unknown-linux-musl.tar.gz"
url_api = "https://api.github.com/repos/rtk-ai/rtk/releases/assets/419581643"

[tools.rtk."platforms.linux-x64-baseline"]
checksum = "sha256:a75d210a445874106bc16da2b4efba01d36d297afa33ec134728f2d5f42ef5af"
url = "https://github.com/rtk-ai/rtk/releases/download/v0.40.0/rtk-x86_64-unknown-linux-musl.tar.gz"
url_api = "https://api.github.com/repos/rtk-ai/rtk/releases/assets/419581643"

[tools.rtk."platforms.linux-x64-musl"]
checksum = "sha256:a75d210a445874106bc16da2b4efba01d36d297afa33ec134728f2d5f42ef5af"
url = "https://github.com/rtk-ai/rtk/releases/download/v0.40.0/rtk-x86_64-unknown-linux-musl.tar.gz"
url_api = "https://api.github.com/repos/rtk-ai/rtk/releases/assets/419581643"

[tools.rtk."platforms.linux-x64-musl-baseline"]
checksum = "sha256:a75d210a445874106bc16da2b4efba01d36d297afa33ec134728f2d5f42ef5af"
url = "https://github.com/rtk-ai/rtk/releases/download/v0.40.0/rtk-x86_64-unknown-linux-musl.tar.gz"
url_api = "https://api.github.com/repos/rtk-ai/rtk/releases/assets/419581643"

[tools.rtk."platforms.macos-arm64"]
checksum = "sha256:60c2c325b4edf0367cfa9716ac2e2c888abcd065eff45d01510da6561ab82e3c"
url = "https://github.com/rtk-ai/rtk/releases/download/v0.40.0/rtk-aarch64-apple-darwin.tar.gz"
url_api = "https://api.github.com/repos/rtk-ai/rtk/releases/assets/419581645"

[tools.rtk."platforms.macos-x64"]
checksum = "sha256:8eac502fb812056973da2a8c2f0c00e1427ba5f71bd14c01520bc540630cb98a"
url = "https://github.com/rtk-ai/rtk/releases/download/v0.40.0/rtk-x86_64-apple-darwin.tar.gz"
url_api = "https://api.github.com/repos/rtk-ai/rtk/releases/assets/419581650"

[tools.rtk."platforms.macos-x64-baseline"]
checksum = "sha256:8eac502fb812056973da2a8c2f0c00e1427ba5f71bd14c01520bc540630cb98a"
url = "https://github.com/rtk-ai/rtk/releases/download/v0.40.0/rtk-x86_64-apple-darwin.tar.gz"
url_api = "https://api.github.com/repos/rtk-ai/rtk/releases/assets/419581650"

[tools.rtk."platforms.windows-x64"]
checksum = "sha256:7fc90190f76f55dc170898d0ac755e89f405fc2d1d89f717ad8600640ab0f1ed"
url = "https://github.com/rtk-ai/rtk/releases/download/v0.40.0/rtk-x86_64-pc-windows-msvc.zip"
url_api = "https://api.github.com/repos/rtk-ai/rtk/releases/assets/419581646"

[tools.rtk."platforms.windows-x64-baseline"]
checksum = "sha256:7fc90190f76f55dc170898d0ac755e89f405fc2d1d89f717ad8600640ab0f1ed"
url = "https://github.com/rtk-ai/rtk/releases/download/v0.40.0/rtk-x86_64-pc-windows-msvc.zip"
url_api = "https://api.github.com/repos/rtk-ai/rtk/releases/assets/419581646"

[[tools.starship]]
version = "1.25.1"
backend = "aqua:starship/starship"

[tools.starship."platforms.linux-arm64"]
checksum = "sha256:01517aab398959ea9ea73bdb4f032ea4dbb51dff5c8e5eb05b4a1b9b7ab872b8"
url = "https://github.com/starship/starship/releases/download/v1.25.1/starship-aarch64-unknown-linux-musl.tar.gz"

[tools.starship."platforms.linux-arm64-musl"]
checksum = "sha256:01517aab398959ea9ea73bdb4f032ea4dbb51dff5c8e5eb05b4a1b9b7ab872b8"
url = "https://github.com/starship/starship/releases/download/v1.25.1/starship-aarch64-unknown-linux-musl.tar.gz"

[tools.starship."platforms.linux-x64"]
checksum = "sha256:c6ddd3ecb9c0071a2ad38d98cee748160066b7c4f197421268058f4a5d6f8504"
url = "https://github.com/starship/starship/releases/download/v1.25.1/starship-x86_64-unknown-linux-musl.tar.gz"

[tools.starship."platforms.linux-x64-baseline"]
checksum = "sha256:c6ddd3ecb9c0071a2ad38d98cee748160066b7c4f197421268058f4a5d6f8504"
url = "https://github.com/starship/starship/releases/download/v1.25.1/starship-x86_64-unknown-linux-musl.tar.gz"

[tools.starship."platforms.linux-x64-musl"]
checksum = "sha256:c6ddd3ecb9c0071a2ad38d98cee748160066b7c4f197421268058f4a5d6f8504"
url = "https://github.com/starship/starship/releases/download/v1.25.1/starship-x86_64-unknown-linux-musl.tar.gz"

[tools.starship."platforms.linux-x64-musl-baseline"]
checksum = "sha256:c6ddd3ecb9c0071a2ad38d98cee748160066b7c4f197421268058f4a5d6f8504"
url = "https://github.com/starship/starship/releases/download/v1.25.1/starship-x86_64-unknown-linux-musl.tar.gz"

[tools.starship."platforms.macos-arm64"]
checksum = "sha256:1062a2363489b9335529b83204472f02633c08fc3609f1b325be5eba36feb631"
url = "https://github.com/starship/starship/releases/download/v1.25.1/starship-aarch64-apple-darwin.tar.gz"

[tools.starship."platforms.macos-x64"]
checksum = "sha256:f86fbe7a3b9f262bcf34ca61e9e996243da511c5500dcd81a1e4daa542869276"
url = "https://github.com/starship/starship/releases/download/v1.25.1/starship-x86_64-apple-darwin.tar.gz"

[tools.starship."platforms.macos-x64-baseline"]
checksum = "sha256:f86fbe7a3b9f262bcf34ca61e9e996243da511c5500dcd81a1e4daa542869276"
url = "https://github.com/starship/starship/releases/download/v1.25.1/starship-x86_64-apple-darwin.tar.gz"

[tools.starship."platforms.windows-x64"]
checksum = "sha256:a07cf3e428afab09324e510fb786041ebcc491a68b1ca6fba044c5a461f9b017"
url = "https://github.com/starship/starship/releases/download/v1.25.1/starship-x86_64-pc-windows-msvc.zip"

[tools.starship."platforms.windows-x64-baseline"]
checksum = "sha256:a07cf3e428afab09324e510fb786041ebcc491a68b1ca6fba044c5a461f9b017"
url = "https://github.com/starship/starship/releases/download/v1.25.1/starship-x86_64-pc-windows-msvc.zip"

[[tools.stern]]
version = "1.34.0"
backend = "aqua:stern/stern"

[tools.stern."platforms.linux-arm64"]
checksum = "sha256:e215cfc5e42d71e93b77d3fac8f0df7d736271f44b2d92a5b417eaa588edff3a"
url = "https://github.com/stern/stern/releases/download/v1.34.0/stern_1.34.0_linux_arm64.tar.gz"

[tools.stern."platforms.linux-arm64-musl"]
checksum = "sha256:e215cfc5e42d71e93b77d3fac8f0df7d736271f44b2d92a5b417eaa588edff3a"
url = "https://github.com/stern/stern/releases/download/v1.34.0/stern_1.34.0_linux_arm64.tar.gz"

[tools.stern."platforms.linux-x64"]
checksum = "sha256:7754adfa653939240f7d20fff4ada9b69cda40c9e70732301f67bb8045f1ef3e"
url = "https://github.com/stern/stern/releases/download/v1.34.0/stern_1.34.0_linux_amd64.tar.gz"

[tools.stern."platforms.linux-x64-baseline"]
checksum = "sha256:7754adfa653939240f7d20fff4ada9b69cda40c9e70732301f67bb8045f1ef3e"
url = "https://github.com/stern/stern/releases/download/v1.34.0/stern_1.34.0_linux_amd64.tar.gz"

[tools.stern."platforms.linux-x64-musl"]
checksum = "sha256:7754adfa653939240f7d20fff4ada9b69cda40c9e70732301f67bb8045f1ef3e"
url = "https://github.com/stern/stern/releases/download/v1.34.0/stern_1.34.0_linux_amd64.tar.gz"

[tools.stern."platforms.linux-x64-musl-baseline"]
checksum = "sha256:7754adfa653939240f7d20fff4ada9b69cda40c9e70732301f67bb8045f1ef3e"
url = "https://github.com/stern/stern/releases/download/v1.34.0/stern_1.34.0_linux_amd64.tar.gz"

[tools.stern."platforms.macos-arm64"]
checksum = "sha256:4014d84096e1e603ee115864e03a1e15fb9bae9876647bf7bb8031eee278dcd3"
url = "https://github.com/stern/stern/releases/download/v1.34.0/stern_1.34.0_darwin_arm64.tar.gz"

[tools.stern."platforms.macos-x64"]
checksum = "sha256:153355317f21e565ea10bc710d4c2e3d98fd06f83cae5eb927e7031cc724a7a6"
url = "https://github.com/stern/stern/releases/download/v1.34.0/stern_1.34.0_darwin_amd64.tar.gz"

[tools.stern."platforms.macos-x64-baseline"]
checksum = "sha256:153355317f21e565ea10bc710d4c2e3d98fd06f83cae5eb927e7031cc724a7a6"
url = "https://github.com/stern/stern/releases/download/v1.34.0/stern_1.34.0_darwin_amd64.tar.gz"

[tools.stern."platforms.windows-x64"]
checksum = "sha256:22ed0c8eb0c15cbd2651c944517f6c06aa6ffa11467be55f7673f7242f1bafd3"
url = "https://github.com/stern/stern/releases/download/v1.34.0/stern_1.34.0_windows_amd64.tar.gz"

[tools.stern."platforms.windows-x64-baseline"]
checksum = "sha256:22ed0c8eb0c15cbd2651c944517f6c06aa6ffa11467be55f7673f7242f1bafd3"
url = "https://github.com/stern/stern/releases/download/v1.34.0/stern_1.34.0_windows_amd64.tar.gz"

[[tools.tokei]]
version = "14.0.0"
backend = "cargo:tokei"

[[tools.uv]]
version = "0.11.7"
backend = "aqua:astral-sh/uv"

[tools.uv."platforms.linux-arm64"]
checksum = "sha256:46647dc16cbb7d6700f762fdd7a67d220abe18570914732bc310adc91308d272"
url = "https://github.com/astral-sh/uv/releases/download/0.11.7/uv-aarch64-unknown-linux-musl.tar.gz"
provenance = "github-attestations"

[tools.uv."platforms.linux-arm64-musl"]
checksum = "sha256:46647dc16cbb7d6700f762fdd7a67d220abe18570914732bc310adc91308d272"
url = "https://github.com/astral-sh/uv/releases/download/0.11.7/uv-aarch64-unknown-linux-musl.tar.gz"
provenance = "github-attestations"

[tools.uv."platforms.linux-x64"]
checksum = "sha256:64ddb5f1087649e3f75aa50d139aa4f36ddde728a5295a141e0fa9697bfb7b0f"
url = "https://github.com/astral-sh/uv/releases/download/0.11.7/uv-x86_64-unknown-linux-musl.tar.gz"
provenance = "github-attestations"

[tools.uv."platforms.linux-x64-musl"]
checksum = "sha256:64ddb5f1087649e3f75aa50d139aa4f36ddde728a5295a141e0fa9697bfb7b0f"
url = "https://github.com/astral-sh/uv/releases/download/0.11.7/uv-x86_64-unknown-linux-musl.tar.gz"
provenance = "github-attestations"

[tools.uv."platforms.macos-arm64"]
checksum = "sha256:66e37d91f839e12481d7b932a1eccbfe732560f42c1cfb89faddfa2454534ba8"
url = "https://github.com/astral-sh/uv/releases/download/0.11.7/uv-aarch64-apple-darwin.tar.gz"
provenance = "github-attestations"

[tools.uv."platforms.macos-x64"]
checksum = "sha256:0a4bc8fcde4974ea3560be21772aeecab600a6f43fa6e58169f9fa7b3b71d302"
url = "https://github.com/astral-sh/uv/releases/download/0.11.7/uv-x86_64-apple-darwin.tar.gz"
provenance = "github-attestations"

[tools.uv."platforms.windows-x64"]
checksum = "sha256:fe0c7815acf4fc45f8a5eff58ed3cf7ae2e15c3cf1dceadbd10c816ec1690cc1"
url = "https://github.com/astral-sh/uv/releases/download/0.11.7/uv-x86_64-pc-windows-msvc.zip"
provenance = "github-attestations"

[[tools.zig]]
version = "0.16.0"
backend = "core:zig"

[tools.zig."platforms.linux-arm64"]
checksum = "sha256:ea4b09bfb22ec6f6c6ceac57ab63efb6b46e17ab08d21f69f3a48b38e1534f17"
url = "https://ziglang.org/download/0.16.0/zig-aarch64-linux-0.16.0.tar.xz"

[tools.zig."platforms.linux-arm64-musl"]
checksum = "sha256:ea4b09bfb22ec6f6c6ceac57ab63efb6b46e17ab08d21f69f3a48b38e1534f17"
url = "https://ziglang.org/download/0.16.0/zig-aarch64-linux-0.16.0.tar.xz"

[tools.zig."platforms.linux-x64"]
checksum = "sha256:70e49664a74374b48b51e6f3fdfbf437f6395d42509050588bd49abe52ba3d00"
url = "https://ziglang.org/download/0.16.0/zig-x86_64-linux-0.16.0.tar.xz"
provenance = "minisign"

[tools.zig."platforms.linux-x64-baseline"]
checksum = "sha256:70e49664a74374b48b51e6f3fdfbf437f6395d42509050588bd49abe52ba3d00"
url = "https://ziglang.org/download/0.16.0/zig-x86_64-linux-0.16.0.tar.xz"

[tools.zig."platforms.linux-x64-musl"]
checksum = "sha256:70e49664a74374b48b51e6f3fdfbf437f6395d42509050588bd49abe52ba3d00"
url = "https://ziglang.org/download/0.16.0/zig-x86_64-linux-0.16.0.tar.xz"

[tools.zig."platforms.linux-x64-musl-baseline"]
checksum = "sha256:70e49664a74374b48b51e6f3fdfbf437f6395d42509050588bd49abe52ba3d00"
url = "https://ziglang.org/download/0.16.0/zig-x86_64-linux-0.16.0.tar.xz"

[tools.zig."platforms.macos-arm64"]
checksum = "sha256:b23d70deaa879b5c2d486ed3316f7eaa53e84acf6fc9cc747de152450d401489"
url = "https://ziglang.org/download/0.16.0/zig-aarch64-macos-0.16.0.tar.xz"

[tools.zig."platforms.macos-x64"]
checksum = "sha256:0387557ed1877bc6a2e1802c8391953baddba76081876301c522f52977b52ba7"
url = "https://ziglang.org/download/0.16.0/zig-x86_64-macos-0.16.0.tar.xz"

[tools.zig."platforms.macos-x64-baseline"]
checksum = "sha256:0387557ed1877bc6a2e1802c8391953baddba76081876301c522f52977b52ba7"
url = "https://ziglang.org/download/0.16.0/zig-x86_64-macos-0.16.0.tar.xz"

[tools.zig."platforms.windows-x64"]
checksum = "sha256:68659eb5f1e4eb1437a722f1dd889c5a322c9954607f5edcf337bc3684a75a7e"
url = "https://ziglang.org/download/0.16.0/zig-x86_64-windows-0.16.0.zip"

[tools.zig."platforms.windows-x64-baseline"]
checksum = "sha256:68659eb5f1e4eb1437a722f1dd889c5a322c9954607f5edcf337bc3684a75a7e"
url = "https://ziglang.org/download/0.16.0/zig-x86_64-windows-0.16.0.zip"
